
Microsoft Visual Studio Solution File, Format Version 12.00
# Visual Studio Version 17
VisualStudioVersion = 17.5.33424.131
MinimumVisualStudioVersion = 10.0.40219.1
Project("{FAE04EC0-301F-11D3-BF4B-00C04F79EFBC}") = "Iconom", "Iconom\Iconom.csproj", "{F637CC7D-BD59-4AEC-AE07-472E68F88CAF}"
EndProject
Global
	GlobalSection(SolutionConfigurationPlatforms) = preSolution
		Debug|Any CPU = Debug|Any CPU
		Release|Any CPU = Release|Any CPU
	EndGlobalSection
	GlobalSection(ProjectConfigurationPlatforms) = postSolution
		{F637CC7D-BD59-4AEC-AE07-472E68F88CAF}.Debug|Any CPU.ActiveCfg = Debug|Any CPU
		{F637CC7D-BD59-4AEC-AE07-472E68F88CAF}.Debug|Any CPU.Build.0 = Debug|Any CPU
		{F637CC7D-BD59-4AEC-AE07-472E68F88CAF}.Release|Any CPU.ActiveCfg = Release|Any CPU
		{F637CC7D-BD59-4AEC-AE07-472E68F88CAF}.Release|Any CPU.Build.0 = Release|Any CPU
	EndGlobalSection
	GlobalSection(SolutionProperties) = preSolution
		HideSolutionNode = FALSE
	EndGlobalSection
	GlobalSection(ExtensibilityGlobals) = postSolution
		SolutionGuid = {5DA9A4FE-736D-45DD-A535-21AE5F8DA3B6}
	EndGlobalSection
EndGlobal
